// !$*UTF8*$!
{
	archiveVersion = 1;
	classes = {
	};
	objectVersion = 46;
	objects = {

/* Begin PBXBuildFile section */
		5CE6198FD8E400F47907735C /* Pods_TSMLib.framework in Frameworks */ = {isa = PBXBuildFile; fileRef = 39E76BD25EEE464907B849B8 /* Pods_TSMLib.framework */; };
		7B4DD2661C93801D0006B439 /* TSMLib.h in Headers */ = {isa = PBXBuildFile; fileRef = 7B4DD2651C93801D0006B439 /* TSMLib.h */; settings = {ATTRIBUTES = (Public, ); }; };
		7B4DD26D1C93801D0006B439 /* TSMLib.framework in Frameworks */ = {isa = PBXBuildFile; fileRef = 7B4DD2621C93801D0006B439 /* TSMLib.framework */; };
		7B4DD2721C93801D0006B439 /* TSMLibTests.swift in Sources */ = {isa = PBXBuildFile; fileRef = 7B4DD2711C93801D0006B439 /* TSMLibTests.swift */; };
		7B4DD27D1C9380850006B439 /* TSMLibrary.swift in Sources */ = {isa = PBXBuildFile; fileRef = 7B4DD27C1C9380850006B439 /* TSMLibrary.swift */; };
		7B4DD2801C9380920006B439 /* NetworkManager.swift in Sources */ = {isa = PBXBuildFile; fileRef = 7B4DD27F1C9380920006B439 /* NetworkManager.swift */; };
		7B98E0121C97075300458BBC /* Macros.swift in Sources */ = {isa = PBXBuildFile; fileRef = 7B98E0111C97075300458BBC /* Macros.swift */; };
		7B98E0151C97084600458BBC /* UIColorExtension.swift in Sources */ = {isa = PBXBuildFile; fileRef = 7B98E0141C97084600458BBC /* UIColorExtension.swift */; };
		7B98E0191C9709DB00458BBC /* NSDateExtension.swift in Sources */ = {isa = PBXBuildFile; fileRef = 7B98E0181C9709DB00458BBC /* NSDateExtension.swift */; };
		7B98E01B1C970B8500458BBC /* UIImageViewExtension.swift in Sources */ = {isa = PBXBuildFile; fileRef = 7B98E01A1C970B8500458BBC /* UIImageViewExtension.swift */; };
		7B98E01D1C970BCB00458BBC /* UIViewExtension.swift in Sources */ = {isa = PBXBuildFile; fileRef = 7B98E01C1C970BCB00458BBC /* UIViewExtension.swift */; };
		7B98E01F1C970C8100458BBC /* StringExtension.swift in Sources */ = {isa = PBXBuildFile; fileRef = 7B98E01E1C970C8100458BBC /* StringExtension.swift */; };
		7B98E0211C9764D300458BBC /* UIScrollViewExtension.swift in Sources */ = {isa = PBXBuildFile; fileRef = 7B98E0201C9764D300458BBC /* UIScrollViewExtension.swift */; };
		7B98E0231C97652600458BBC /* DatabaseManager.swift in Sources */ = {isa = PBXBuildFile; fileRef = 7B98E0221C97652600458BBC /* DatabaseManager.swift */; };
		7B98E0251C97686C00458BBC /* NSObjectExtension.swift in Sources */ = {isa = PBXBuildFile; fileRef = 7B98E0241C97686C00458BBC /* NSObjectExtension.swift */; };
/* End PBXBuildFile section */

/* Begin PBXContainerItemProxy section */
		7B4DD26E1C93801D0006B439 /* PBXContainerItemProxy */ = {
			isa = PBXContainerItemProxy;
			containerPortal = 7B4DD2591C93801C0006B439 /* Project object */;
			proxyType = 1;
			remoteGlobalIDString = 7B4DD2611C93801D0006B439;
			remoteInfo = TSMLib;
		};
/* End PBXContainerItemProxy section */

/* Begin PBXFileReference section */
		2F24BF42E321153862B02C47 /* Pods-TSMLib.release.xcconfig */ = {isa = PBXFileReference; includeInIndex = 1; lastKnownFileType = text.xcconfig; name = "Pods-TSMLib.release.xcconfig"; path = "Pods/Target Support Files/Pods-TSMLib/Pods-TSMLib.release.xcconfig"; sourceTree = "<group>"; };
		39E76BD25EEE464907B849B8 /* Pods_TSMLib.framework */ = {isa = PBXFileReference; explicitFileType = wrapper.framework; includeInIndex = 0; path = Pods_TSMLib.framework; sourceTree = BUILT_PRODUCTS_DIR; };
		7B4DD2621C93801D0006B439 /* TSMLib.framework */ = {isa = PBXFileReference; explicitFileType = wrapper.framework; includeInIndex = 0; path = TSMLib.framework; sourceTree = BUILT_PRODUCTS_DIR; };
		7B4DD2651C93801D0006B439 /* TSMLib.h */ = {isa = PBXFileReference; lastKnownFileType = sourcecode.c.h; path = TSMLib.h; sourceTree = "<group>"; };
		7B4DD2671C93801D0006B439 /* Info.plist */ = {isa = PBXFileReference; lastKnownFileType = text.plist.xml; path = Info.plist; sourceTree = "<group>"; };
		7B4DD26C1C93801D0006B439 /* TSMLibTests.xctest */ = {isa = PBXFileReference; explicitFileType = wrapper.cfbundle; includeInIndex = 0; path = TSMLibTests.xctest; sourceTree = BUILT_PRODUCTS_DIR; };
		7B4DD2711C93801D0006B439 /* TSMLibTests.swift */ = {isa = PBXFileReference; lastKnownFileType = sourcecode.swift; path = TSMLibTests.swift; sourceTree = "<group>"; };
		7B4DD2731C93801D0006B439 /* Info.plist */ = {isa = PBXFileReference; lastKnownFileType = text.plist.xml; path = Info.plist; sourceTree = "<group>"; };
		7B4DD27C1C9380850006B439 /* TSMLibrary.swift */ = {isa = PBXFileReference; fileEncoding = 4; lastKnownFileType = sourcecode.swift; path = TSMLibrary.swift; sourceTree = "<group>"; };
		7B4DD27F1C9380920006B439 /* NetworkManager.swift */ = {isa = PBXFileReference; fileEncoding = 4; lastKnownFileType = sourcecode.swift; name = NetworkManager.swift; path = Managers/NetworkManager.swift; sourceTree = "<group>"; };
		7B98E0111C97075300458BBC /* Macros.swift */ = {isa = PBXFileReference; fileEncoding = 4; lastKnownFileType = sourcecode.swift; name = Macros.swift; path = Utils/Macros.swift; sourceTree = "<group>"; };
		7B98E0141C97084600458BBC /* UIColorExtension.swift */ = {isa = PBXFileReference; fileEncoding = 4; lastKnownFileType = sourcecode.swift; name = UIColorExtension.swift; path = Utils/Extensions/UIColorExtension.swift; sourceTree = "<group>"; };
		7B98E0181C9709DB00458BBC /* NSDateExtension.swift */ = {isa = PBXFileReference; fileEncoding = 4; lastKnownFileType = sourcecode.swift; name = NSDateExtension.swift; path = Utils/Extensions/NSDateExtension.swift; sourceTree = "<group>"; };
		7B98E01A1C970B8500458BBC /* UIImageViewExtension.swift */ = {isa = PBXFileReference; fileEncoding = 4; lastKnownFileType = sourcecode.swift; name = UIImageViewExtension.swift; path = Utils/Extensions/UIImageViewExtension.swift; sourceTree = "<group>"; };
		7B98E01C1C970BCB00458BBC /* UIViewExtension.swift */ = {isa = PBXFileReference; fileEncoding = 4; lastKnownFileType = sourcecode.swift; name = UIViewExtension.swift; path = Utils/Extensions/UIViewExtension.swift; sourceTree = "<group>"; };
		7B98E01E1C970C8100458BBC /* StringExtension.swift */ = {isa = PBXFileReference; fileEncoding = 4; lastKnownFileType = sourcecode.swift; name = StringExtension.swift; path = Utils/Extensions/StringExtension.swift; sourceTree = "<group>"; };
		7B98E0201C9764D300458BBC /* UIScrollViewExtension.swift */ = {isa = PBXFileReference; fileEncoding = 4; lastKnownFileType = sourcecode.swift; name = UIScrollViewExtension.swift; path = Utils/Extensions/UIScrollViewExtension.swift; sourceTree = "<group>"; };
		7B98E0221C97652600458BBC /* DatabaseManager.swift */ = {isa = PBXFileReference; fileEncoding = 4; lastKnownFileType = sourcecode.swift; name = DatabaseManager.swift; path = Managers/DatabaseManager.swift; sourceTree = "<group>"; };
		7B98E0241C97686C00458BBC /* NSObjectExtension.swift */ = {isa = PBXFileReference; fileEncoding = 4; lastKnownFileType = sourcecode.swift; name = NSObjectExtension.swift; path = Utils/Extensions/NSObjectExtension.swift; sourceTree = "<group>"; };
		BBB01180E1EBC495DEE21C36 /* Pods-TSMLib.debug.xcconfig */ = {isa = PBXFileReference; includeInIndex = 1; lastKnownFileType = text.xcconfig; name = "Pods-TSMLib.debug.xcconfig"; path = "Pods/Target Support Files/Pods-TSMLib/Pods-TSMLib.debug.xcconfig"; sourceTree = "<group>"; };
/* End PBXFileReference section */

/* Begin PBXFrameworksBuildPhase section */
		7B4DD25E1C93801D0006B439 /* Frameworks */ = {
			isa = PBXFrameworksBuildPhase;
			buildActionMask = 2147483647;
			files = (
				5CE6198FD8E400F47907735C /* Pods_TSMLib.framework in Frameworks */,
			);
			runOnlyForDeploymentPostprocessing = 0;
		};
		7B4DD2691C93801D0006B439 /* Frameworks */ = {
			isa = PBXFrameworksBuildPhase;
			buildActionMask = 2147483647;
			files = (
				7B4DD26D1C93801D0006B439 /* TSMLib.framework in Frameworks */,
			);
			runOnlyForDeploymentPostprocessing = 0;
		};
/* End PBXFrameworksBuildPhase section */

/* Begin PBXGroup section */
		7365EC0E08FEBFCAE9328E29 /* Frameworks */ = {
			isa = PBXGroup;
			children = (
				39E76BD25EEE464907B849B8 /* Pods_TSMLib.framework */,
			);
			name = Frameworks;
			sourceTree = "<group>";
		};
		7B4DD2581C93801C0006B439 = {
			isa = PBXGroup;
			children = (
				7B4DD2641C93801D0006B439 /* TSMLib */,
				7B4DD2701C93801D0006B439 /* TSMLibTests */,
				7B4DD2631C93801D0006B439 /* Products */,
				EFC48430CBA6FF385B307884 /* Pods */,
				7365EC0E08FEBFCAE9328E29 /* Frameworks */,
			);
			sourceTree = "<group>";
		};
		7B4DD2631C93801D0006B439 /* Products */ = {
			isa = PBXGroup;
			children = (
				7B4DD2621C93801D0006B439 /* TSMLib.framework */,
				7B4DD26C1C93801D0006B439 /* TSMLibTests.xctest */,
			);
			name = Products;
			sourceTree = "<group>";
		};
		7B4DD2641C93801D0006B439 /* TSMLib */ = {
			isa = PBXGroup;
			children = (
				7B98E0101C97073C00458BBC /* Utils */,
				7B4DD27E1C9380890006B439 /* Managers */,
				7B4DD27C1C9380850006B439 /* TSMLibrary.swift */,
				7B4DD2651C93801D0006B439 /* TSMLib.h */,
				7B4DD2671C93801D0006B439 /* Info.plist */,
			);
			path = TSMLib;
			sourceTree = "<group>";
		};
		7B4DD2701C93801D0006B439 /* TSMLibTests */ = {
			isa = PBXGroup;
			children = (
				7B4DD2711C93801D0006B439 /* TSMLibTests.swift */,
				7B4DD2731C93801D0006B439 /* Info.plist */,
			);
			path = TSMLibTests;
			sourceTree = "<group>";
		};
		7B4DD27E1C9380890006B439 /* Managers */ = {
			isa = PBXGroup;
			children = (
				7B4DD27F1C9380920006B439 /* NetworkManager.swift */,
				7B98E0221C97652600458BBC /* DatabaseManager.swift */,
			);
			name = Managers;
			sourceTree = "<group>";
		};
		7B98E0101C97073C00458BBC /* Utils */ = {
			isa = PBXGroup;
			children = (
				7B98E0131C97082600458BBC /* Extensions */,
				7B98E0111C97075300458BBC /* Macros.swift */,
			);
			name = Utils;
			sourceTree = "<group>";
		};
		7B98E0131C97082600458BBC /* Extensions */ = {
			isa = PBXGroup;
			children = (
				7B98E0141C97084600458BBC /* UIColorExtension.swift */,
				7B98E0181C9709DB00458BBC /* NSDateExtension.swift */,
				7B98E01A1C970B8500458BBC /* UIImageViewExtension.swift */,
				7B98E01C1C970BCB00458BBC /* UIViewExtension.swift */,
				7B98E01E1C970C8100458BBC /* StringExtension.swift */,
				7B98E0201C9764D300458BBC /* UIScrollViewExtension.swift */,
				7B98E0241C97686C00458BBC /* NSObjectExtension.swift */,
			);
			name = Extensions;
			sourceTree = "<group>";
		};
		EFC48430CBA6FF385B307884 /* Pods */ = {
			isa = PBXGroup;
			children = (
				BBB01180E1EBC495DEE21C36 /* Pods-TSMLib.debug.xcconfig */,
				2F24BF42E321153862B02C47 /* Pods-TSMLib.release.xcconfig */,
			);
			name = Pods;
			sourceTree = "<group>";
		};
/* End PBXGroup section */

/* Begin PBXHeadersBuildPhase section */
		7B4DD25F1C93801D0006B439 /* Headers */ = {
			isa = PBXHeadersBuildPhase;
			buildActionMask = 2147483647;
			files = (
				7B4DD2661C93801D0006B439 /* TSMLib.h in Headers */,
			);
			runOnlyForDeploymentPostprocessing = 0;
		};
/* End PBXHeadersBuildPhase section */

/* Begin PBXNativeTarget section */
		7B4DD2611C93801D0006B439 /* TSMLib */ = {
			isa = PBXNativeTarget;
			buildConfigurationList = 7B4DD2761C93801D0006B439 /* Build configuration list for PBXNativeTarget "TSMLib" */;
			buildPhases = (
				FC8E91A4264567086FF15BDB /* Check Pods Manifest.lock */,
				7B4DD25D1C93801D0006B439 /* Sources */,
				7B4DD25E1C93801D0006B439 /* Frameworks */,
				7B4DD25F1C93801D0006B439 /* Headers */,
				7B4DD2601C93801D0006B439 /* Resources */,
				D132632271A6F8889FDE355B /* Copy Pods Resources */,
			);
			buildRules = (
			);
			dependencies = (
			);
			name = TSMLib;
			productName = TSMLib;
			productReference = 7B4DD2621C93801D0006B439 /* TSMLib.framework */;
			productType = "com.apple.product-type.framework";
		};
		7B4DD26B1C93801D0006B439 /* TSMLibTests */ = {
			isa = PBXNativeTarget;
			buildConfigurationList = 7B4DD2791C93801D0006B439 /* Build configuration list for PBXNativeTarget "TSMLibTests" */;
			buildPhases = (
				7B4DD2681C93801D0006B439 /* Sources */,
				7B4DD2691C93801D0006B439 /* Frameworks */,
				7B4DD26A1C93801D0006B439 /* Resources */,
			);
			buildRules = (
			);
			dependencies = (
				7B4DD26F1C93801D0006B439 /* PBXTargetDependency */,
			);
			name = TSMLibTests;
			productName = TSMLibTests;
			productReference = 7B4DD26C1C93801D0006B439 /* TSMLibTests.xctest */;
			productType = "com.apple.product-type.bundle.unit-test";
		};
/* End PBXNativeTarget section */

/* Begin PBXProject section */
		7B4DD2591C93801C0006B439 /* Project object */ = {
			isa = PBXProject;
			attributes = {
				LastSwiftUpdateCheck = 0720;
				LastUpgradeCheck = 0720;
				ORGANIZATIONNAME = Tismart;
				TargetAttributes = {
					7B4DD2611C93801D0006B439 = {
						CreatedOnToolsVersion = 7.2.1;
					};
					7B4DD26B1C93801D0006B439 = {
						CreatedOnToolsVersion = 7.2.1;
					};
				};
			};
			buildConfigurationList = 7B4DD25C1C93801C0006B439 /* Build configuration list for PBXProject "TSMLib" */;
			compatibilityVersion = "Xcode 3.2";
			developmentRegion = English;
			hasScannedForEncodings = 0;
			knownRegions = (
				en,
			);
			mainGroup = 7B4DD2581C93801C0006B439;
			productRefGroup = 7B4DD2631C93801D0006B439 /* Products */;
			projectDirPath = "";
			projectRoot = "";
			targets = (
				7B4DD2611C93801D0006B439 /* TSMLib */,
				7B4DD26B1C93801D0006B439 /* TSMLibTests */,
			);
		};
/* End PBXProject section */

/* Begin PBXResourcesBuildPhase section */
		7B4DD2601C93801D0006B439 /* Resources */ = {
			isa = PBXResourcesBuildPhase;
			buildActionMask = 2147483647;
			files = (
			);
			runOnlyForDeploymentPostprocessing = 0;
		};
		7B4DD26A1C93801D0006B439 /* Resources */ = {
			isa = PBXResourcesBuildPhase;
			buildActionMask = 2147483647;
			files = (
			);
			runOnlyForDeploymentPostprocessing = 0;
		};
/* End PBXResourcesBuildPhase section */

/* Begin PBXShellScriptBuildPhase section */
		D132632271A6F8889FDE355B /* Copy Pods Resources */ = {
			isa = PBXShellScriptBuildPhase;
			buildActionMask = 2147483647;
			files = (
			);
			inputPaths = (
			);
			name = "Copy Pods Resources";
			outputPaths = (
			);
			runOnlyForDeploymentPostprocessing = 0;
			shellPath = /bin/sh;
			shellScript = "\"${SRCROOT}/Pods/Target Support Files/Pods-TSMLib/Pods-TSMLib-resources.sh\"\n";
			showEnvVarsInLog = 0;
		};
		FC8E91A4264567086FF15BDB /* Check Pods Manifest.lock */ = {
			isa = PBXShellScriptBuildPhase;
			buildActionMask = 2147483647;
			files = (
			);
			inputPaths = (
			);
			name = "Check Pods Manifest.lock";
			outputPaths = (
			);
			runOnlyForDeploymentPostprocessing = 0;
			shellPath = /bin/sh;
			shellScript = "diff \"${PODS_ROOT}/../Podfile.lock\" \"${PODS_ROOT}/Manifest.lock\" > /dev/null\nif [[ $? != 0 ]] ; then\n    cat << EOM\nerror: The sandbox is not in sync with the Podfile.lock. Run 'pod install' or update your CocoaPods installation.\nEOM\n    exit 1\nfi\n";
			showEnvVarsInLog = 0;
		};
/* End PBXShellScriptBuildPhase section */

/* Begin PBXSourcesBuildPhase section */
		7B4DD25D1C93801D0006B439 /* Sources */ = {
			isa = PBXSourcesBuildPhase;
			buildActionMask = 2147483647;
			files = (
				7B98E0121C97075300458BBC /* Macros.swift in Sources */,
				7B98E0191C9709DB00458BBC /* NSDateExtension.swift in Sources */,
				7B98E0231C97652600458BBC /* DatabaseManager.swift in Sources */,
				7B98E0251C97686C00458BBC /* NSObjectExtension.swift in Sources */,
				7B98E0211C9764D300458BBC /* UIScrollViewExtension.swift in Sources */,
				7B98E01B1C970B8500458BBC /* UIImageViewExtension.swift in Sources */,
				7B4DD2801C9380920006B439 /* NetworkManager.swift in Sources */,
				7B98E01D1C970BCB00458BBC /* UIViewExtension.swift in Sources */,
				7B4DD27D1C9380850006B439 /* TSMLibrary.swift in Sources */,
				7B98E0151C97084600458BBC /* UIColorExtension.swift in Sources */,
				7B98E01F1C970C8100458BBC /* StringExtension.swift in Sources */,
			);
			runOnlyForDeploymentPostprocessing = 0;
		};
		7B4DD2681C93801D0006B439 /* Sources */ = {
			isa = PBXSourcesBuildPhase;
			buildActionMask = 2147483647;
			files = (
				7B4DD2721C93801D0006B439 /* TSMLibTests.swift in Sources */,
			);
			runOnlyForDeploymentPostprocessing = 0;
		};
/* End PBXSourcesBuildPhase section */

/* Begin PBXTargetDependency section */
		7B4DD26F1C93801D0006B439 /* PBXTargetDependency */ = {
			isa = PBXTargetDependency;
			target = 7B4DD2611C93801D0006B439 /* TSMLib */;
			targetProxy = 7B4DD26E1C93801D0006B439 /* PBXContainerItemProxy */;
		};
/* End PBXTargetDependency section */

/* Begin XCBuildConfiguration section */
		7B4DD2741C93801D0006B439 /* Debug */ = {
			isa = XCBuildConfiguration;
			buildSettings = {
				ALWAYS_SEARCH_USER_PATHS = NO;
				CLANG_CXX_LANGUAGE_STANDARD = "gnu++0x";
				CLANG_CXX_LIBRARY = "libc++";
				CLANG_ENABLE_MODULES = YES;
				CLANG_ENABLE_OBJC_ARC = YES;
				CLANG_WARN_BOOL_CONVERSION = YES;
				CLANG_WARN_CONSTANT_CONVERSION = YES;
				CLANG_WARN_DIRECT_OBJC_ISA_USAGE = YES_ERROR;
				CLANG_WARN_EMPTY_BODY = YES;
				CLANG_WARN_ENUM_CONVERSION = YES;
				CLANG_WARN_INT_CONVERSION = YES;
				CLANG_WARN_OBJC_ROOT_CLASS = YES_ERROR;
				CLANG_WARN_UNREACHABLE_CODE = YES;
				CLANG_WARN__DUPLICATE_METHOD_MATCH = YES;
				"CODE_SIGN_IDENTITY[sdk=iphoneos*]" = "iPhone Developer";
				COPY_PHASE_STRIP = NO;
				CURRENT_PROJECT_VERSION = 1;
				DEBUG_INFORMATION_FORMAT = dwarf;
				ENABLE_STRICT_OBJC_MSGSEND = YES;
				ENABLE_TESTABILITY = YES;
				GCC_C_LANGUAGE_STANDARD = gnu99;
				GCC_DYNAMIC_NO_PIC = NO;
				GCC_NO_COMMON_BLOCKS = YES;
				GCC_OPTIMIZATION_LEVEL = 0;
				GCC_PREPROCESSOR_DEFINITIONS = (
					"DEBUG=1",
					"$(inherited)",
				);
				GCC_WARN_64_TO_32_BIT_CONVERSION = YES;
				GCC_WARN_ABOUT_RETURN_TYPE = YES_ERROR;
				GCC_WARN_UNDECLARED_SELECTOR = YES;
				GCC_WARN_UNINITIALIZED_AUTOS = YES_AGGRESSIVE;
				GCC_WARN_UNUSED_FUNCTION = YES;
				GCC_WARN_UNUSED_VARIABLE = YES;
				IPHONEOS_DEPLOYMENT_TARGET = 9.2;
				MTL_ENABLE_DEBUG_INFO = YES;
				ONLY_ACTIVE_ARCH = YES;
				SDKROOT = iphoneos;
				SWIFT_OPTIMIZATION_LEVEL = "-Onone";
				TARGETED_DEVICE_FAMILY = "1,2";
				VERSIONING_SYSTEM = "apple-generic";
				VERSION_INFO_PREFIX = "";
			};
			name = Debug;
		};
		7B4DD2751C93801D0006B439 /* Release */ = {
			isa = XCBuildConfiguration;
			buildSettings = {
				ALWAYS_SEARCH_USER_PATHS = NO;
				CLANG_CXX_LANGUAGE_STANDARD = "gnu++0x";
				CLANG_CXX_LIBRARY = "libc++";
				CLANG_ENABLE_MODULES = YES;
				CLANG_ENABLE_OBJC_ARC = YES;
				CLANG_WARN_BOOL_CONVERSION = YES;
				CLANG_WARN_CONSTANT_CONVERSION = YES;
				CLANG_WARN_DIRECT_OBJC_ISA_USAGE = YES_ERROR;
				CLANG_WARN_EMPTY_BODY = YES;
				CLANG_WARN_ENUM_CONVERSION = YES;
				CLANG_WARN_INT_CONVERSION = YES;
				CLANG_WARN_OBJC_ROOT_CLASS = YES_ERROR;
				CLANG_WARN_UNREACHABLE_CODE = YES;
				CLANG_WARN__DUPLICATE_METHOD_MATCH = YES;
				"CODE_SIGN_IDENTITY[sdk=iphoneos*]" = "iPhone Developer";
				COPY_PHASE_STRIP = NO;
				CURRENT_PROJECT_VERSION = 1;
				DEBUG_INFORMATION_FORMAT = "dwarf-with-dsym";
				ENABLE_NS_ASSERTIONS = NO;
				ENABLE_STRICT_OBJC_MSGSEND = YES;
				GCC_C_LANGUAGE_STANDARD = gnu99;
				GCC_NO_COMMON_BLOCKS = YES;
				GCC_WARN_64_TO_32_BIT_CONVERSION = YES;
				GCC_WARN_ABOUT_RETURN_TYPE = YES_ERROR;
				GCC_WARN_UNDECLARED_SELECTOR = YES;
				GCC_WARN_UNINITIALIZED_AUTOS = YES_AGGRESSIVE;
				GCC_WARN_UNUSED_FUNCTION = YES;
				GCC_WARN_UNUSED_VARIABLE = YES;
				IPHONEOS_DEPLOYMENT_TARGET = 9.2;
				MTL_ENABLE_DEBUG_INFO = NO;
				SDKROOT = iphoneos;
				TARGETED_DEVICE_FAMILY = "1,2";
				VALIDATE_PRODUCT = YES;
				VERSIONING_SYSTEM = "apple-generic";
				VERSION_INFO_PREFIX = "";
			};
			name = Release;
		};
		7B4DD2771C93801D0006B439 /* Debug */ = {
			isa = XCBuildConfiguration;
			baseConfigurationReference = BBB01180E1EBC495DEE21C36 /* Pods-TSMLib.debug.xcconfig */;
			buildSettings = {
				CLANG_ENABLE_MODULES = YES;
				DEFINES_MODULE = YES;
				DYLIB_COMPATIBILITY_VERSION = 1;
				DYLIB_CURRENT_VERSION = 1;
				DYLIB_INSTALL_NAME_BASE = "@rpath";
				INFOPLIST_FILE = TSMLib/Info.plist;
				INSTALL_PATH = "$(LOCAL_LIBRARY_DIR)/Frameworks";
				LD_RUNPATH_SEARCH_PATHS = "$(inherited) @executable_path/Frameworks @loader_path/Frameworks";
				PRODUCT_BUNDLE_IDENTIFIER = com.tismart.TSMLib;
				PRODUCT_NAME = "$(TARGET_NAME)";
				SKIP_INSTALL = YES;
				SWIFT_OPTIMIZATION_LEVEL = "-Onone";
			};
			name = Debug;
		};
		7B4DD2781C93801D0006B439 /* Release */ = {
			isa = XCBuildConfiguration;
			baseConfigurationReference = 2F24BF42E321153862B02C47 /* Pods-TSMLib.release.xcconfig */;
			buildSettings = {
				CLANG_ENABLE_MODULES = YES;
				DEFINES_MODULE = YES;
				DYLIB_COMPATIBILITY_VERSION = 1;
				DYLIB_CURRENT_VERSION = 1;
				DYLIB_INSTALL_NAME_BASE = "@rpath";
				INFOPLIST_FILE = TSMLib/Info.plist;
				INSTALL_PATH = "$(LOCAL_LIBRARY_DIR)/Frameworks";
				LD_RUNPATH_SEARCH_PATHS = "$(inherited) @executable_path/Frameworks @loader_path/Frameworks";
				PRODUCT_BUNDLE_IDENTIFIER = com.tismart.TSMLib;
				PRODUCT_NAME = "$(TARGET_NAME)";
				SKIP_INSTALL = YES;
			};
			name = Release;
		};
		7B4DD27A1C93801D0006B439 /* Debug */ = {
			isa = XCBuildConfiguration;
			buildSettings = {
				INFOPLIST_FILE = TSMLibTests/Info.plist;
				LD_RUNPATH_SEARCH_PATHS = "$(inherited) @executable_path/Frameworks @loader_path/Frameworks";
				PRODUCT_BUNDLE_IDENTIFIER = com.tismart.TSMLibTests;
				PRODUCT_NAME = "$(TARGET_NAME)";
			};
			name = Debug;
		};
		7B4DD27B1C93801D0006B439 /* Release */ = {
			isa = XCBuildConfiguration;
			buildSettings = {
				INFOPLIST_FILE = TSMLibTests/Info.plist;
				LD_RUNPATH_SEARCH_PATHS = "$(inherited) @executable_path/Frameworks @loader_path/Frameworks";
				PRODUCT_BUNDLE_IDENTIFIER = com.tismart.TSMLibTests;
				PRODUCT_NAME = "$(TARGET_NAME)";
			};
			name = Release;
		};
/* End XCBuildConfiguration section */

/* Begin XCConfigurationList section */
		7B4DD25C1C93801C0006B439 /* Build configuration list for PBXProject "TSMLib" */ = {
			isa = XCConfigurationList;
			buildConfigurations = (
				7B4DD2741C93801D0006B439 /* Debug */,
				7B4DD2751C93801D0006B439 /* Release */,
			);
			defaultConfigurationIsVisible = 0;
			defaultConfigurationName = Release;
		};
		7B4DD2761C93801D0006B439 /* Build configuration list for PBXNativeTarget "TSMLib" */ = {
			isa = XCConfigurationList;
			buildConfigurations = (
				7B4DD2771C93801D0006B439 /* Debug */,
				7B4DD2781C93801D0006B439 /* Release */,
			);
			defaultConfigurationIsVisible = 0;
			defaultConfigurationName = Release;
		};
		7B4DD2791C93801D0006B439 /* Build configuration list for PBXNativeTarget "TSMLibTests" */ = {
			isa = XCConfigurationList;
			buildConfigurations = (
				7B4DD27A1C93801D0006B439 /* Debug */,
				7B4DD27B1C93801D0006B439 /* Release */,
			);
			defaultConfigurationIsVisible = 0;
			defaultConfigurationName = Release;
		};
/* End XCConfigurationList section */
	};
	rootObject = 7B4DD2591C93801C0006B439 /* Project object */;
}
