PODS:
  - Alamofire (3.3.1)
  - GoogleMaps (1.13.0)
  - MagicalRecord (2.3.2):
    - MagicalRecord/Core (= 2.3.2)
  - MagicalRecord/Core (2.3.2)

DEPENDENCIES:
  - Alamofire
  - GoogleMaps
  - MagicalRecord

SPEC CHECKSUMS:
  Alamofire: 369bc67b6f5ac33ded3648d7bd21c5bfb91c2ecc
  GoogleMaps: 7a6caeb8336d7cb42982e969fc9b1b20a889fe79
  MagicalRecord: 53bed74b4323b930992a725be713e53b37d19755

COCOAPODS: 0.39.0
