PODS:
  - Alamofire (3.2.1)
  - MagicalRecord (2.3.2):
    - MagicalRecord/Core (= 2.3.2)
  - MagicalRecord/Core (2.3.2)

DEPENDENCIES:
  - Alamofire
  - MagicalRecord

SPEC CHECKSUMS:
  Alamofire: f11d8624a05f5d39e0c99309b3e600a3ba64298a
  MagicalRecord: 53bed74b4323b930992a725be713e53b37d19755

COCOAPODS: 0.39.0
